// !$*UTF8*$!
{
	archiveVersion = 1;
	classes = {
	};
	objectVersion = 55;
	objects = {

/* Begin PBXBuildFile section */
		3FC0A27927EA2C120027CBF8 /* AppDelegate.swift in Sources */ = {isa = PBXBuildFile; fileRef = 3FC0A27827EA2C120027CBF8 /* AppDelegate.swift */; };
		3FC0A27B27EA2C120027CBF8 /* SceneDelegate.swift in Sources */ = {isa = PBXBuildFile; fileRef = 3FC0A27A27EA2C120027CBF8 /* SceneDelegate.swift */; };
		3FC0A27D27EA2C120027CBF8 /* ViewController.swift in Sources */ = {isa = PBXBuildFile; fileRef = 3FC0A27C27EA2C120027CBF8 /* ViewController.swift */; };
		3FC0A28027EA2C120027CBF8 /* Main.storyboard in Resources */ = {isa = PBXBuildFile; fileRef = 3FC0A27E27EA2C120027CBF8 /* Main.storyboard */; };
		3FC0A28227EA2C130027CBF8 /* Assets.xcassets in Resources */ = {isa = PBXBuildFile; fileRef = 3FC0A28127EA2C130027CBF8 /* Assets.xcassets */; };
		3FC0A28527EA2C130027CBF8 /* LaunchScreen.storyboard in Resources */ = {isa = PBXBuildFile; fileRef = 3FC0A28327EA2C130027CBF8 /* LaunchScreen.storyboard */; };
		3FC0A29027EA2C130027CBF8 /* DiscountAppMultiControllerTests.swift in Sources */ = {isa = PBXBuildFile; fileRef = 3FC0A28F27EA2C130027CBF8 /* DiscountAppMultiControllerTests.swift */; };
		3FC0A29A27EA2C130027CBF8 /* DiscountAppMultiControllerUITests.swift in Sources */ = {isa = PBXBuildFile; fileRef = 3FC0A29927EA2C130027CBF8 /* DiscountAppMultiControllerUITests.swift */; };
		3FC0A29C27EA2C130027CBF8 /* DiscountAppMultiControllerUITestsLaunchTests.swift in Sources */ = {isa = PBXBuildFile; fileRef = 3FC0A29B27EA2C130027CBF8 /* DiscountAppMultiControllerUITestsLaunchTests.swift */; };
		3FC0A2A927EA2D9F0027CBF8 /* ResultViewController.swift in Sources */ = {isa = PBXBuildFile; fileRef = 3FC0A2A827EA2D9F0027CBF8 /* ResultViewController.swift */; };
/* End PBXBuildFile section */

/* Begin PBXContainerItemProxy section */
		3FC0A28C27EA2C130027CBF8 /* PBXContainerItemProxy */ = {
			isa = PBXContainerItemProxy;
			containerPortal = 3FC0A26D27EA2C120027CBF8 /* Project object */;
			proxyType = 1;
			remoteGlobalIDString = 3FC0A27427EA2C120027CBF8;
			remoteInfo = DiscountAppMultiController;
		};
		3FC0A29627EA2C130027CBF8 /* PBXContainerItemProxy */ = {
			isa = PBXContainerItemProxy;
			containerPortal = 3FC0A26D27EA2C120027CBF8 /* Project object */;
			proxyType = 1;
			remoteGlobalIDString = 3FC0A27427EA2C120027CBF8;
			remoteInfo = DiscountAppMultiController;
		};
/* End PBXContainerItemProxy section */

/* Begin PBXFileReference section */
		3FC0A27527EA2C120027CBF8 /* DiscountAppMultiController.app */ = {isa = PBXFileReference; explicitFileType = wrapper.application; includeInIndex = 0; path = DiscountAppMultiController.app; sourceTree = BUILT_PRODUCTS_DIR; };
		3FC0A27827EA2C120027CBF8 /* AppDelegate.swift */ = {isa = PBXFileReference; lastKnownFileType = sourcecode.swift; path = AppDelegate.swift; sourceTree = "<group>"; };
		3FC0A27A27EA2C120027CBF8 /* SceneDelegate.swift */ = {isa = PBXFileReference; lastKnownFileType = sourcecode.swift; path = SceneDelegate.swift; sourceTree = "<group>"; };
		3FC0A27C27EA2C120027CBF8 /* ViewController.swift */ = {isa = PBXFileReference; lastKnownFileType = sourcecode.swift; path = ViewController.swift; sourceTree = "<group>"; };
		3FC0A27F27EA2C120027CBF8 /* Base */ = {isa = PBXFileReference; lastKnownFileType = file.storyboard; name = Base; path = Base.lproj/Main.storyboard; sourceTree = "<group>"; };
		3FC0A28127EA2C130027CBF8 /* Assets.xcassets */ = {isa = PBXFileReference; lastKnownFileType = folder.assetcatalog; path = Assets.xcassets; sourceTree = "<group>"; };
		3FC0A28427EA2C130027CBF8 /* Base */ = {isa = PBXFileReference; lastKnownFileType = file.storyboard; name = Base; path = Base.lproj/LaunchScreen.storyboard; sourceTree = "<group>"; };
		3FC0A28627EA2C130027CBF8 /* Info.plist */ = {isa = PBXFileReference; lastKnownFileType = text.plist.xml; path = Info.plist; sourceTree = "<group>"; };
		3FC0A28B27EA2C130027CBF8 /* DiscountAppMultiControllerTests.xctest */ = {isa = PBXFileReference; explicitFileType = wrapper.cfbundle; includeInIndex = 0; path = DiscountAppMultiControllerTests.xctest; sourceTree = BUILT_PRODUCTS_DIR; };
		3FC0A28F27EA2C130027CBF8 /* DiscountAppMultiControllerTests.swift */ = {isa = PBXFileReference; lastKnownFileType = sourcecode.swift; path = DiscountAppMultiControllerTests.swift; sourceTree = "<group>"; };
		3FC0A29527EA2C130027CBF8 /* DiscountAppMultiControllerUITests.xctest */ = {isa = PBXFileReference; explicitFileType = wrapper.cfbundle; includeInIndex = 0; path = DiscountAppMultiControllerUITests.xctest; sourceTree = BUILT_PRODUCTS_DIR; };
		3FC0A29927EA2C130027CBF8 /* DiscountAppMultiControllerUITests.swift */ = {isa = PBXFileReference; lastKnownFileType = sourcecode.swift; path = DiscountAppMultiControllerUITests.swift; sourceTree = "<group>"; };
		3FC0A29B27EA2C130027CBF8 /* DiscountAppMultiControllerUITestsLaunchTests.swift */ = {isa = PBXFileReference; lastKnownFileType = sourcecode.swift; path = DiscountAppMultiControllerUITestsLaunchTests.swift; sourceTree = "<group>"; };
		3FC0A2A827EA2D9F0027CBF8 /* ResultViewController.swift */ = {isa = PBXFileReference; lastKnownFileType = sourcecode.swift; path = ResultViewController.swift; sourceTree = "<group>"; };
/* End PBXFileReference section */

/* Begin PBXFrameworksBuildPhase section */
		3FC0A27227EA2C120027CBF8 /* Frameworks */ = {
			isa = PBXFrameworksBuildPhase;
			buildActionMask = 2147483647;
			files = (
			);
			runOnlyForDeploymentPostprocessing = 0;
		};
		3FC0A28827EA2C130027CBF8 /* Frameworks */ = {
			isa = PBXFrameworksBuildPhase;
			buildActionMask = 2147483647;
			files = (
			);
			runOnlyForDeploymentPostprocessing = 0;
		};
		3FC0A29227EA2C130027CBF8 /* Frameworks */ = {
			isa = PBXFrameworksBuildPhase;
			buildActionMask = 2147483647;
			files = (
			);
			runOnlyForDeploymentPostprocessing = 0;
		};
/* End PBXFrameworksBuildPhase section */

/* Begin PBXGroup section */
		3FC0A26C27EA2C120027CBF8 = {
			isa = PBXGroup;
			children = (
				3FC0A27727EA2C120027CBF8 /* DiscountAppMultiController */,
				3FC0A28E27EA2C130027CBF8 /* DiscountAppMultiControllerTests */,
				3FC0A29827EA2C130027CBF8 /* DiscountAppMultiControllerUITests */,
				3FC0A27627EA2C120027CBF8 /* Products */,
			);
			sourceTree = "<group>";
		};
		3FC0A27627EA2C120027CBF8 /* Products */ = {
			isa = PBXGroup;
			children = (
				3FC0A27527EA2C120027CBF8 /* DiscountAppMultiController.app */,
				3FC0A28B27EA2C130027CBF8 /* DiscountAppMultiControllerTests.xctest */,
				3FC0A29527EA2C130027CBF8 /* DiscountAppMultiControllerUITests.xctest */,
			);
			name = Products;
			sourceTree = "<group>";
		};
		3FC0A27727EA2C120027CBF8 /* DiscountAppMultiController */ = {
			isa = PBXGroup;
			children = (
				3FC0A27827EA2C120027CBF8 /* AppDelegate.swift */,
				3FC0A27A27EA2C120027CBF8 /* SceneDelegate.swift */,
				3FC0A27C27EA2C120027CBF8 /* ViewController.swift */,
				3FC0A27E27EA2C120027CBF8 /* Main.storyboard */,
				3FC0A28127EA2C130027CBF8 /* Assets.xcassets */,
				3FC0A28327EA2C130027CBF8 /* LaunchScreen.storyboard */,
				3FC0A28627EA2C130027CBF8 /* Info.plist */,
				3FC0A2A827EA2D9F0027CBF8 /* ResultViewController.swift */,
			);
			path = DiscountAppMultiController;
			sourceTree = "<group>";
		};
		3FC0A28E27EA2C130027CBF8 /* DiscountAppMultiControllerTests */ = {
			isa = PBXGroup;
			children = (
				3FC0A28F27EA2C130027CBF8 /* DiscountAppMultiControllerTests.swift */,
			);
			path = DiscountAppMultiControllerTests;
			sourceTree = "<group>";
		};
		3FC0A29827EA2C130027CBF8 /* DiscountAppMultiControllerUITests */ = {
			isa = PBXGroup;
			children = (
				3FC0A29927EA2C130027CBF8 /* DiscountAppMultiControllerUITests.swift */,
				3FC0A29B27EA2C130027CBF8 /* DiscountAppMultiControllerUITestsLaunchTests.swift */,
			);
			path = DiscountAppMultiControllerUITests;
			sourceTree = "<group>";
		};
/* End PBXGroup section */

/* Begin PBXNativeTarget section */
		3FC0A27427EA2C120027CBF8 /* DiscountAppMultiController */ = {
			isa = PBXNativeTarget;
			buildConfigurationList = 3FC0A29F27EA2C130027CBF8 /* Build configuration list for PBXNativeTarget "DiscountAppMultiController" */;
			buildPhases = (
				3FC0A27127EA2C120027CBF8 /* Sources */,
				3FC0A27227EA2C120027CBF8 /* Frameworks */,
				3FC0A27327EA2C120027CBF8 /* Resources */,
			);
			buildRules = (
			);
			dependencies = (
			);
			name = DiscountAppMultiController;
			productName = DiscountAppMultiController;
			productReference = 3FC0A27527EA2C120027CBF8 /* DiscountAppMultiController.app */;
			productType = "com.apple.product-type.application";
		};
		3FC0A28A27EA2C130027CBF8 /* DiscountAppMultiControllerTests */ = {
			isa = PBXNativeTarget;
			buildConfigurationList = 3FC0A2A227EA2C130027CBF8 /* Build configuration list for PBXNativeTarget "DiscountAppMultiControllerTests" */;
			buildPhases = (
				3FC0A28727EA2C130027CBF8 /* Sources */,
				3FC0A28827EA2C130027CBF8 /* Frameworks */,
				3FC0A28927EA2C130027CBF8 /* Resources */,
			);
			buildRules = (
			);
			dependencies = (
				3FC0A28D27EA2C130027CBF8 /* PBXTargetDependency */,
			);
			name = DiscountAppMultiControllerTests;
			productName = DiscountAppMultiControllerTests;
			productReference = 3FC0A28B27EA2C130027CBF8 /* DiscountAppMultiControllerTests.xctest */;
			productType = "com.apple.product-type.bundle.unit-test";
		};
		3FC0A29427EA2C130027CBF8 /* DiscountAppMultiControllerUITests */ = {
			isa = PBXNativeTarget;
			buildConfigurationList = 3FC0A2A527EA2C130027CBF8 /* Build configuration list for PBXNativeTarget "DiscountAppMultiControllerUITests" */;
			buildPhases = (
				3FC0A29127EA2C130027CBF8 /* Sources */,
				3FC0A29227EA2C130027CBF8 /* Frameworks */,
				3FC0A29327EA2C130027CBF8 /* Resources */,
			);
			buildRules = (
			);
			dependencies = (
				3FC0A29727EA2C130027CBF8 /* PBXTargetDependency */,
			);
			name = DiscountAppMultiControllerUITests;
			productName = DiscountAppMultiControllerUITests;
			productReference = 3FC0A29527EA2C130027CBF8 /* DiscountAppMultiControllerUITests.xctest */;
			productType = "com.apple.product-type.bundle.ui-testing";
		};
/* End PBXNativeTarget section */

/* Begin PBXProject section */
		3FC0A26D27EA2C120027CBF8 /* Project object */ = {
			isa = PBXProject;
			attributes = {
				BuildIndependentTargetsInParallel = 1;
				LastSwiftUpdateCheck = 1320;
				LastUpgradeCheck = 1320;
				TargetAttributes = {
					3FC0A27427EA2C120027CBF8 = {
						CreatedOnToolsVersion = 13.2.1;
					};
					3FC0A28A27EA2C130027CBF8 = {
						CreatedOnToolsVersion = 13.2.1;
						TestTargetID = 3FC0A27427EA2C120027CBF8;
					};
					3FC0A29427EA2C130027CBF8 = {
						CreatedOnToolsVersion = 13.2.1;
						TestTargetID = 3FC0A27427EA2C120027CBF8;
					};
				};
			};
			buildConfigurationList = 3FC0A27027EA2C120027CBF8 /* Build configuration list for PBXProject "DiscountAppMultiController" */;
			compatibilityVersion = "Xcode 13.0";
			developmentRegion = en;
			hasScannedForEncodings = 0;
			knownRegions = (
				en,
				Base,
			);
			mainGroup = 3FC0A26C27EA2C120027CBF8;
			productRefGroup = 3FC0A27627EA2C120027CBF8 /* Products */;
			projectDirPath = "";
			projectRoot = "";
			targets = (
				3FC0A27427EA2C120027CBF8 /* DiscountAppMultiController */,
				3FC0A28A27EA2C130027CBF8 /* DiscountAppMultiControllerTests */,
				3FC0A29427EA2C130027CBF8 /* DiscountAppMultiControllerUITests */,
			);
		};
/* End PBXProject section */

/* Begin PBXResourcesBuildPhase section */
		3FC0A27327EA2C120027CBF8 /* Resources */ = {
			isa = PBXResourcesBuildPhase;
			buildActionMask = 2147483647;
			files = (
				3FC0A28527EA2C130027CBF8 /* LaunchScreen.storyboard in Resources */,
				3FC0A28227EA2C130027CBF8 /* Assets.xcassets in Resources */,
				3FC0A28027EA2C120027CBF8 /* Main.storyboard in Resources */,
			);
			runOnlyForDeploymentPostprocessing = 0;
		};
		3FC0A28927EA2C130027CBF8 /* Resources */ = {
			isa = PBXResourcesBuildPhase;
			buildActionMask = 2147483647;
			files = (
			);
			runOnlyForDeploymentPostprocessing = 0;
		};
		3FC0A29327EA2C130027CBF8 /* Resources */ = {
			isa = PBXResourcesBuildPhase;
			buildActionMask = 2147483647;
			files = (
			);
			runOnlyForDeploymentPostprocessing = 0;
		};
/* End PBXResourcesBuildPhase section */

/* Begin PBXSourcesBuildPhase section */
		3FC0A27127EA2C120027CBF8 /* Sources */ = {
			isa = PBXSourcesBuildPhase;
			buildActionMask = 2147483647;
			files = (
				3FC0A27D27EA2C120027CBF8 /* ViewController.swift in Sources */,
				3FC0A27927EA2C120027CBF8 /* AppDelegate.swift in Sources */,
				3FC0A27B27EA2C120027CBF8 /* SceneDelegate.swift in Sources */,
				3FC0A2A927EA2D9F0027CBF8 /* ResultViewController.swift in Sources */,
			);
			runOnlyForDeploymentPostprocessing = 0;
		};
		3FC0A28727EA2C130027CBF8 /* Sources */ = {
			isa = PBXSourcesBuildPhase;
			buildActionMask = 2147483647;
			files = (
				3FC0A29027EA2C130027CBF8 /* DiscountAppMultiControllerTests.swift in Sources */,
			);
			runOnlyForDeploymentPostprocessing = 0;
		};
		3FC0A29127EA2C130027CBF8 /* Sources */ = {
			isa = PBXSourcesBuildPhase;
			buildActionMask = 2147483647;
			files = (
				3FC0A29A27EA2C130027CBF8 /* DiscountAppMultiControllerUITests.swift in Sources */,
				3FC0A29C27EA2C130027CBF8 /* DiscountAppMultiControllerUITestsLaunchTests.swift in Sources */,
			);
			runOnlyForDeploymentPostprocessing = 0;
		};
/* End PBXSourcesBuildPhase section */

/* Begin PBXTargetDependency section */
		3FC0A28D27EA2C130027CBF8 /* PBXTargetDependency */ = {
			isa = PBXTargetDependency;
			target = 3FC0A27427EA2C120027CBF8 /* DiscountAppMultiController */;
			targetProxy = 3FC0A28C27EA2C130027CBF8 /* PBXContainerItemProxy */;
		};
		3FC0A29727EA2C130027CBF8 /* PBXTargetDependency */ = {
			isa = PBXTargetDependency;
			target = 3FC0A27427EA2C120027CBF8 /* DiscountAppMultiController */;
			targetProxy = 3FC0A29627EA2C130027CBF8 /* PBXContainerItemProxy */;
		};
/* End PBXTargetDependency section */

/* Begin PBXVariantGroup section */
		3FC0A27E27EA2C120027CBF8 /* Main.storyboard */ = {
			isa = PBXVariantGroup;
			children = (
				3FC0A27F27EA2C120027CBF8 /* Base */,
			);
			name = Main.storyboard;
			sourceTree = "<group>";
		};
		3FC0A28327EA2C130027CBF8 /* LaunchScreen.storyboard */ = {
			isa = PBXVariantGroup;
			children = (
				3FC0A28427EA2C130027CBF8 /* Base */,
			);
			name = LaunchScreen.storyboard;
			sourceTree = "<group>";
		};
/* End PBXVariantGroup section */

/* Begin XCBuildConfiguration section */
		3FC0A29D27EA2C130027CBF8 /* Debug */ = {
			isa = XCBuildConfiguration;
			buildSettings = {
				ALWAYS_SEARCH_USER_PATHS = NO;
				CLANG_ANALYZER_NONNULL = YES;
				CLANG_ANALYZER_NUMBER_OBJECT_CONVERSION = YES_AGGRESSIVE;
				CLANG_CXX_LANGUAGE_STANDARD = "gnu++17";
				CLANG_CXX_LIBRARY = "libc++";
				CLANG_ENABLE_MODULES = YES;
				CLANG_ENABLE_OBJC_ARC = YES;
				CLANG_ENABLE_OBJC_WEAK = YES;
				CLANG_WARN_BLOCK_CAPTURE_AUTORELEASING = YES;
				CLANG_WARN_BOOL_CONVERSION = YES;
				CLANG_WARN_COMMA = YES;
				CLANG_WARN_CONSTANT_CONVERSION = YES;
				CLANG_WARN_DEPRECATED_OBJC_IMPLEMENTATIONS = YES;
				CLANG_WARN_DIRECT_OBJC_ISA_USAGE = YES_ERROR;
				CLANG_WARN_DOCUMENTATION_COMMENTS = YES;
				CLANG_WARN_EMPTY_BODY = YES;
				CLANG_WARN_ENUM_CONVERSION = YES;
				CLANG_WARN_INFINITE_RECURSION = YES;
				CLANG_WARN_INT_CONVERSION = YES;
				CLANG_WARN_NON_LITERAL_NULL_CONVERSION = YES;
				CLANG_WARN_OBJC_IMPLICIT_RETAIN_SELF = YES;
				CLANG_WARN_OBJC_LITERAL_CONVERSION = YES;
				CLANG_WARN_OBJC_ROOT_CLASS = YES_ERROR;
				CLANG_WARN_QUOTED_INCLUDE_IN_FRAMEWORK_HEADER = YES;
				CLANG_WARN_RANGE_LOOP_ANALYSIS = YES;
				CLANG_WARN_STRICT_PROTOTYPES = YES;
				CLANG_WARN_SUSPICIOUS_MOVE = YES;
				CLANG_WARN_UNGUARDED_AVAILABILITY = YES_AGGRESSIVE;
				CLANG_WARN_UNREACHABLE_CODE = YES;
				CLANG_WARN__DUPLICATE_METHOD_MATCH = YES;
				COPY_PHASE_STRIP = NO;
				DEBUG_INFORMATION_FORMAT = dwarf;
				ENABLE_STRICT_OBJC_MSGSEND = YES;
				ENABLE_TESTABILITY = YES;
				GCC_C_LANGUAGE_STANDARD = gnu11;
				GCC_DYNAMIC_NO_PIC = NO;
				GCC_NO_COMMON_BLOCKS = YES;
				GCC_OPTIMIZATION_LEVEL = 0;
				GCC_PREPROCESSOR_DEFINITIONS = (
					"DEBUG=1",
					"$(inherited)",
				);
				GCC_WARN_64_TO_32_BIT_CONVERSION = YES;
				GCC_WARN_ABOUT_RETURN_TYPE = YES_ERROR;
				GCC_WARN_UNDECLARED_SELECTOR = YES;
				GCC_WARN_UNINITIALIZED_AUTOS = YES_AGGRESSIVE;
				GCC_WARN_UNUSED_FUNCTION = YES;
				GCC_WARN_UNUSED_VARIABLE = YES;
				IPHONEOS_DEPLOYMENT_TARGET = 15.2;
				MTL_ENABLE_DEBUG_INFO = INCLUDE_SOURCE;
				MTL_FAST_MATH = YES;
				ONLY_ACTIVE_ARCH = YES;
				SDKROOT = iphoneos;
				SWIFT_ACTIVE_COMPILATION_CONDITIONS = DEBUG;
				SWIFT_OPTIMIZATION_LEVEL = "-Onone";
			};
			name = Debug;
		};
		3FC0A29E27EA2C130027CBF8 /* Release */ = {
			isa = XCBuildConfiguration;
			buildSettings = {
				ALWAYS_SEARCH_USER_PATHS = NO;
				CLANG_ANALYZER_NONNULL = YES;
				CLANG_ANALYZER_NUMBER_OBJECT_CONVERSION = YES_AGGRESSIVE;
				CLANG_CXX_LANGUAGE_STANDARD = "gnu++17";
				CLANG_CXX_LIBRARY = "libc++";
				CLANG_ENABLE_MODULES = YES;
				CLANG_ENABLE_OBJC_ARC = YES;
				CLANG_ENABLE_OBJC_WEAK = YES;
				CLANG_WARN_BLOCK_CAPTURE_AUTORELEASING = YES;
				CLANG_WARN_BOOL_CONVERSION = YES;
				CLANG_WARN_COMMA = YES;
				CLANG_WARN_CONSTANT_CONVERSION = YES;
				CLANG_WARN_DEPRECATED_OBJC_IMPLEMENTATIONS = YES;
				CLANG_WARN_DIRECT_OBJC_ISA_USAGE = YES_ERROR;
				CLANG_WARN_DOCUMENTATION_COMMENTS = YES;
				CLANG_WARN_EMPTY_BODY = YES;
				CLANG_WARN_ENUM_CONVERSION = YES;
				CLANG_WARN_INFINITE_RECURSION = YES;
				CLANG_WARN_INT_CONVERSION = YES;
				CLANG_WARN_NON_LITERAL_NULL_CONVERSION = YES;
				CLANG_WARN_OBJC_IMPLICIT_RETAIN_SELF = YES;
				CLANG_WARN_OBJC_LITERAL_CONVERSION = YES;
				CLANG_WARN_OBJC_ROOT_CLASS = YES_ERROR;
				CLANG_WARN_QUOTED_INCLUDE_IN_FRAMEWORK_HEADER = YES;
				CLANG_WARN_RANGE_LOOP_ANALYSIS = YES;
				CLANG_WARN_STRICT_PROTOTYPES = YES;
				CLANG_WARN_SUSPICIOUS_MOVE = YES;
				CLANG_WARN_UNGUARDED_AVAILABILITY = YES_AGGRESSIVE;
				CLANG_WARN_UNREACHABLE_CODE = YES;
				CLANG_WARN__DUPLICATE_METHOD_MATCH = YES;
				COPY_PHASE_STRIP = NO;
				DEBUG_INFORMATION_FORMAT = "dwarf-with-dsym";
				ENABLE_NS_ASSERTIONS = NO;
				ENABLE_STRICT_OBJC_MSGSEND = YES;
				GCC_C_LANGUAGE_STANDARD = gnu11;
				GCC_NO_COMMON_BLOCKS = YES;
				GCC_WARN_64_TO_32_BIT_CONVERSION = YES;
				GCC_WARN_ABOUT_RETURN_TYPE = YES_ERROR;
				GCC_WARN_UNDECLARED_SELECTOR = YES;
				GCC_WARN_UNINITIALIZED_AUTOS = YES_AGGRESSIVE;
				GCC_WARN_UNUSED_FUNCTION = YES;
				GCC_WARN_UNUSED_VARIABLE = YES;
				IPHONEOS_DEPLOYMENT_TARGET = 15.2;
				MTL_ENABLE_DEBUG_INFO = NO;
				MTL_FAST_MATH = YES;
				SDKROOT = iphoneos;
				SWIFT_COMPILATION_MODE = wholemodule;
				SWIFT_OPTIMIZATION_LEVEL = "-O";
				VALIDATE_PRODUCT = YES;
			};
			name = Release;
		};
		3FC0A2A027EA2C130027CBF8 /* Debug */ = {
			isa = XCBuildConfiguration;
			buildSettings = {
				ASSETCATALOG_COMPILER_APPICON_NAME = AppIcon;
				ASSETCATALOG_COMPILER_GLOBAL_ACCENT_COLOR_NAME = AccentColor;
				CODE_SIGN_STYLE = Automatic;
				CURRENT_PROJECT_VERSION = 1;
				GENERATE_INFOPLIST_FILE = YES;
				INFOPLIST_FILE = DiscountAppMultiController/Info.plist;
				INFOPLIST_KEY_CFBundleDisplayName = DiscountAppMultiController;
				INFOPLIST_KEY_UIApplicationSupportsIndirectInputEvents = YES;
				INFOPLIST_KEY_UILaunchStoryboardName = LaunchScreen;
				INFOPLIST_KEY_UIMainStoryboardFile = Main;
				INFOPLIST_KEY_UISupportedInterfaceOrientations_iPad = "UIInterfaceOrientationPortrait UIInterfaceOrientationPortraitUpsideDown UIInterfaceOrientationLandscapeLeft UIInterfaceOrientationLandscapeRight";
				INFOPLIST_KEY_UISupportedInterfaceOrientations_iPhone = "UIInterfaceOrientationPortrait UIInterfaceOrientationLandscapeLeft UIInterfaceOrientationLandscapeRight";
				LD_RUNPATH_SEARCH_PATHS = (
					"$(inherited)",
					"@executable_path/Frameworks",
				);
				MARKETING_VERSION = 1.0;
				PRODUCT_BUNDLE_IDENTIFIER = nwmsu.DiscountAppMultiController;
				PRODUCT_NAME = "$(TARGET_NAME)";
				SWIFT_EMIT_LOC_STRINGS = YES;
				SWIFT_VERSION = 5.0;
				TARGETED_DEVICE_FAMILY = "1,2";
			};
			name = Debug;
		};
		3FC0A2A127EA2C130027CBF8 /* Release */ = {
			isa = XCBuildConfiguration;
			buildSettings = {
				ASSETCATALOG_COMPILER_APPICON_NAME = AppIcon;
				ASSETCATALOG_COMPILER_GLOBAL_ACCENT_COLOR_NAME = AccentColor;
				CODE_SIGN_STYLE = Automatic;
				CURRENT_PROJECT_VERSION = 1;
				GENERATE_INFOPLIST_FILE = YES;
				INFOPLIST_FILE = DiscountAppMultiController/Info.plist;
				INFOPLIST_KEY_CFBundleDisplayName = DiscountAppMultiController;
				INFOPLIST_KEY_UIApplicationSupportsIndirectInputEvents = YES;
				INFOPLIST_KEY_UILaunchStoryboardName = LaunchScreen;
				INFOPLIST_KEY_UIMainStoryboardFile = Main;
				INFOPLIST_KEY_UISupportedInterfaceOrientations_iPad = "UIInterfaceOrientationPortrait UIInterfaceOrientationPortraitUpsideDown UIInterfaceOrientationLandscapeLeft UIInterfaceOrientationLandscapeRight";
				INFOPLIST_KEY_UISupportedInterfaceOrientations_iPhone = "UIInterfaceOrientationPortrait UIInterfaceOrientationLandscapeLeft UIInterfaceOrientationLandscapeRight";
				LD_RUNPATH_SEARCH_PATHS = (
					"$(inherited)",
					"@executable_path/Frameworks",
				);
				MARKETING_VERSION = 1.0;
				PRODUCT_BUNDLE_IDENTIFIER = nwmsu.DiscountAppMultiController;
				PRODUCT_NAME = "$(TARGET_NAME)";
				SWIFT_EMIT_LOC_STRINGS = YES;
				SWIFT_VERSION = 5.0;
				TARGETED_DEVICE_FAMILY = "1,2";
			};
			name = Release;
		};
		3FC0A2A327EA2C130027CBF8 /* Debug */ = {
			isa = XCBuildConfiguration;
			buildSettings = {
				ALWAYS_EMBED_SWIFT_STANDARD_LIBRARIES = YES;
				BUNDLE_LOADER = "$(TEST_HOST)";
				CODE_SIGN_STYLE = Automatic;
				CURRENT_PROJECT_VERSION = 1;
				GENERATE_INFOPLIST_FILE = YES;
				IPHONEOS_DEPLOYMENT_TARGET = 15.2;
				MARKETING_VERSION = 1.0;
				PRODUCT_BUNDLE_IDENTIFIER = nwmsu.DiscountAppMultiControllerTests;
				PRODUCT_NAME = "$(TARGET_NAME)";
				SWIFT_EMIT_LOC_STRINGS = NO;
				SWIFT_VERSION = 5.0;
				TARGETED_DEVICE_FAMILY = "1,2";
				TEST_HOST = "$(BUILT_PRODUCTS_DIR)/DiscountAppMultiController.app/DiscountAppMultiController";
			};
			name = Debug;
		};
		3FC0A2A427EA2C130027CBF8 /* Release */ = {
			isa = XCBuildConfiguration;
			buildSettings = {
				ALWAYS_EMBED_SWIFT_STANDARD_LIBRARIES = YES;
				BUNDLE_LOADER = "$(TEST_HOST)";
				CODE_SIGN_STYLE = Automatic;
				CURRENT_PROJECT_VERSION = 1;
				GENERATE_INFOPLIST_FILE = YES;
				IPHONEOS_DEPLOYMENT_TARGET = 15.2;
				MARKETING_VERSION = 1.0;
				PRODUCT_BUNDLE_IDENTIFIER = nwmsu.DiscountAppMultiControllerTests;
				PRODUCT_NAME = "$(TARGET_NAME)";
				SWIFT_EMIT_LOC_STRINGS = NO;
				SWIFT_VERSION = 5.0;
				TARGETED_DEVICE_FAMILY = "1,2";
				TEST_HOST = "$(BUILT_PRODUCTS_DIR)/DiscountAppMultiController.app/DiscountAppMultiController";
			};
			name = Release;
		};
		3FC0A2A627EA2C130027CBF8 /* Debug */ = {
			isa = XCBuildConfiguration;
			buildSettings = {
				ALWAYS_EMBED_SWIFT_STANDARD_LIBRARIES = YES;
				CODE_SIGN_STYLE = Automatic;
				CURRENT_PROJECT_VERSION = 1;
				GENERATE_INFOPLIST_FILE = YES;
				MARKETING_VERSION = 1.0;
				PRODUCT_BUNDLE_IDENTIFIER = nwmsu.DiscountAppMultiControllerUITests;
				PRODUCT_NAME = "$(TARGET_NAME)";
				SWIFT_EMIT_LOC_STRINGS = NO;
				SWIFT_VERSION = 5.0;
				TARGETED_DEVICE_FAMILY = "1,2";
				TEST_TARGET_NAME = DiscountAppMultiController;
			};
			name = Debug;
		};
		3FC0A2A727EA2C130027CBF8 /* Release */ = {
			isa = XCBuildConfiguration;
			buildSettings = {
				ALWAYS_EMBED_SWIFT_STANDARD_LIBRARIES = YES;
				CODE_SIGN_STYLE = Automatic;
				CURRENT_PROJECT_VERSION = 1;
				GENERATE_INFOPLIST_FILE = YES;
				MARKETING_VERSION = 1.0;
				PRODUCT_BUNDLE_IDENTIFIER = nwmsu.DiscountAppMultiControllerUITests;
				PRODUCT_NAME = "$(TARGET_NAME)";
				SWIFT_EMIT_LOC_STRINGS = NO;
				SWIFT_VERSION = 5.0;
				TARGETED_DEVICE_FAMILY = "1,2";
				TEST_TARGET_NAME = DiscountAppMultiController;
			};
			name = Release;
		};
/* End XCBuildConfiguration section */

/* Begin XCConfigurationList section */
		3FC0A27027EA2C120027CBF8 /* Build configuration list for PBXProject "DiscountAppMultiController" */ = {
			isa = XCConfigurationList;
			buildConfigurations = (
				3FC0A29D27EA2C130027CBF8 /* Debug */,
				3FC0A29E27EA2C130027CBF8 /* Release */,
			);
			defaultConfigurationIsVisible = 0;
			defaultConfigurationName = Release;
		};
		3FC0A29F27EA2C130027CBF8 /* Build configuration list for PBXNativeTarget "DiscountAppMultiController" */ = {
			isa = XCConfigurationList;
			buildConfigurations = (
				3FC0A2A027EA2C130027CBF8 /* Debug */,
				3FC0A2A127EA2C130027CBF8 /* Release */,
			);
			defaultConfigurationIsVisible = 0;
			defaultConfigurationName = Release;
		};
		3FC0A2A227EA2C130027CBF8 /* Build configuration list for PBXNativeTarget "DiscountAppMultiControllerTests" */ = {
			isa = XCConfigurationList;
			buildConfigurations = (
				3FC0A2A327EA2C130027CBF8 /* Debug */,
				3FC0A2A427EA2C130027CBF8 /* Release */,
			);
			defaultConfigurationIsVisible = 0;
			defaultConfigurationName = Release;
		};
		3FC0A2A527EA2C130027CBF8 /* Build configuration list for PBXNativeTarget "DiscountAppMultiControllerUITests" */ = {
			isa = XCConfigurationList;
			buildConfigurations = (
				3FC0A2A627EA2C130027CBF8 /* Debug */,
				3FC0A2A727EA2C130027CBF8 /* Release */,
			);
			defaultConfigurationIsVisible = 0;
			defaultConfigurationName = Release;
		};
/* End XCConfigurationList section */
	};
	rootObject = 3FC0A26D27EA2C120027CBF8 /* Project object */;
}
